
Microsoft Visual Studio Solution File, Format Version 12.00
# Visual Studio 15
VisualStudioVersion = 15.0.28010.2046
MinimumVisualStudioVersion = 10.0.40219.1
Project("{FAE04EC0-301F-11D3-BF4B-00C04F79EFBC}") = "Assignment8", "Assignment8\Assignment8.csproj", "{4B02F9CA-2FAF-446A-B8EF-833268358681}"
EndProject
Project("{FAE04EC0-301F-11D3-BF4B-00C04F79EFBC}") = "Assignment8UnitTest", "Assignment8UnitTest\Assignment8UnitTest.csproj", "{CC60584D-5F52-4579-8269-54BFC76FB552}"
EndProject
Global
	GlobalSection(SolutionConfigurationPlatforms) = preSolution
		Debug|Any CPU = Debug|Any CPU
		Release|Any CPU = Release|Any CPU
	EndGlobalSection
	GlobalSection(ProjectConfigurationPlatforms) = postSolution
		{4B02F9CA-2FAF-446A-B8EF-833268358681}.Debug|Any CPU.ActiveCfg = Debug|Any CPU
		{4B02F9CA-2FAF-446A-B8EF-833268358681}.Debug|Any CPU.Build.0 = Debug|Any CPU
		{4B02F9CA-2FAF-446A-B8EF-833268358681}.Release|Any CPU.ActiveCfg = Release|Any CPU
		{4B02F9CA-2FAF-446A-B8EF-833268358681}.Release|Any CPU.Build.0 = Release|Any CPU
		{CC60584D-5F52-4579-8269-54BFC76FB552}.Debug|Any CPU.ActiveCfg = Debug|Any CPU
		{CC60584D-5F52-4579-8269-54BFC76FB552}.Debug|Any CPU.Build.0 = Debug|Any CPU
		{CC60584D-5F52-4579-8269-54BFC76FB552}.Release|Any CPU.ActiveCfg = Release|Any CPU
		{CC60584D-5F52-4579-8269-54BFC76FB552}.Release|Any CPU.Build.0 = Release|Any CPU
	EndGlobalSection
	GlobalSection(SolutionProperties) = preSolution
		HideSolutionNode = FALSE
	EndGlobalSection
	GlobalSection(ExtensibilityGlobals) = postSolution
		SolutionGuid = {D840DE90-F022-474E-8271-5A53706B41C1}
	EndGlobalSection
EndGlobal
