
Microsoft Visual Studio Solution File, Format Version 12.00
# Visual Studio 15
VisualStudioVersion = 15.0.28010.2046
MinimumVisualStudioVersion = 10.0.40219.1
Project("{9A19103F-16F7-4668-BE54-9A1E7A4F7556}") = "Assignment7", "Assignment7\Assignment7.csproj", "{49957522-5864-4B10-A38F-8D6D6F221AE2}"
EndProject
Project("{FAE04EC0-301F-11D3-BF4B-00C04F79EFBC}") = "Assignment7UnitTest", "Assignment7UnitTest\Assignment7UnitTest.csproj", "{23E994FC-5E21-45B2-B59E-C5769413681F}"
EndProject
Global
	GlobalSection(SolutionConfigurationPlatforms) = preSolution
		Debug|Any CPU = Debug|Any CPU
		Release|Any CPU = Release|Any CPU
	EndGlobalSection
	GlobalSection(ProjectConfigurationPlatforms) = postSolution
		{49957522-5864-4B10-A38F-8D6D6F221AE2}.Debug|Any CPU.ActiveCfg = Debug|Any CPU
		{49957522-5864-4B10-A38F-8D6D6F221AE2}.Debug|Any CPU.Build.0 = Debug|Any CPU
		{49957522-5864-4B10-A38F-8D6D6F221AE2}.Release|Any CPU.ActiveCfg = Release|Any CPU
		{49957522-5864-4B10-A38F-8D6D6F221AE2}.Release|Any CPU.Build.0 = Release|Any CPU
		{23E994FC-5E21-45B2-B59E-C5769413681F}.Debug|Any CPU.ActiveCfg = Debug|Any CPU
		{23E994FC-5E21-45B2-B59E-C5769413681F}.Debug|Any CPU.Build.0 = Debug|Any CPU
		{23E994FC-5E21-45B2-B59E-C5769413681F}.Release|Any CPU.ActiveCfg = Release|Any CPU
		{23E994FC-5E21-45B2-B59E-C5769413681F}.Release|Any CPU.Build.0 = Release|Any CPU
	EndGlobalSection
	GlobalSection(SolutionProperties) = preSolution
		HideSolutionNode = FALSE
	EndGlobalSection
	GlobalSection(ExtensibilityGlobals) = postSolution
		SolutionGuid = {5F9006E3-2985-425C-8AB1-DA15479CFA80}
	EndGlobalSection
EndGlobal
